// !$*UTF8*$!
{
	archiveVersion = 1;
	classes = {
	};
	objectVersion = 77;
	objects = {

/* Begin PBXBuildFile section */
		68BB000530383CE600A55448 /* FirebaseAuth in Frameworks */ = {isa = PBXBuildFile; productRef = 68BB000230383CE600A55448 /* FirebaseAuth */; };
		68BB000630383CE600A55448 /* FirebaseFirestore in Frameworks */ = {isa = PBXBuildFile; productRef = 68BB000330383CE600A55448 /* FirebaseFirestore */; };
		68BB000730383CE600A55448 /* FirebaseStorage in Frameworks */ = {isa = PBXBuildFile; productRef = 68BB000430383CE600A55448 /* FirebaseStorage */; };
		68CC000330383CE600A55448 /* GoogleSignIn in Frameworks */ = {isa = PBXBuildFile; productRef = 68CC000230383CE600A55448 /* GoogleSignIn */; };
		68DD000330383CE600A55448 /* IssuetrackerSDK in Frameworks */ = {isa = PBXBuildFile; productRef = 68DD000230383CE600A55448 /* IssuetrackerSDK */; };
/* End PBXBuildFile section */

/* Begin PBXContainerItemProxy section */
		6853E8FC303DBC2900A55448 /* PBXContainerItemProxy */ = {
			isa = PBXContainerItemProxy;
			containerPortal = 6853E5EC30383CE600A55448 /* Project object */;
			proxyType = 1;
			remoteGlobalIDString = 6853E5F330383CE600A55448;
			remoteInfo = iGarden;
		};
/* End PBXContainerItemProxy section */

/* Begin PBXFileReference section */
		6853E5F430383CE600A55448 /* iGarden.app */ = {isa = PBXFileReference; explicitFileType = wrapper.application; includeInIndex = 0; path = iGarden.app; sourceTree = BUILT_PRODUCTS_DIR; };
		68AA000130383CE600A55448 /* iGardenTests.xctest */ = {isa = PBXFileReference; explicitFileType = wrapper.cfbundle; includeInIndex = 0; path = iGardenTests.xctest; sourceTree = BUILT_PRODUCTS_DIR; };
/* End PBXFileReference section */

/* Begin PBXFileSystemSynchronizedRootGroup section */
		6853E5F630383CE600A55448 /* iGarden */ = {
			isa = PBXFileSystemSynchronizedRootGroup;
			path = iGarden;
			sourceTree = "<group>";
		};
		68AA000230383CE600A55448 /* iGardenTests */ = {
			isa = PBXFileSystemSynchronizedRootGroup;
			path = iGardenTests;
			sourceTree = "<group>";
		};
/* End PBXFileSystemSynchronizedRootGroup section */

/* Begin PBXFrameworksBuildPhase section */
		6853E5F130383CE600A55448 /* Frameworks */ = {
			isa = PBXFrameworksBuildPhase;
			buildActionMask = 2147483647;
			files = (
				68BB000530383CE600A55448 /* FirebaseAuth in Frameworks */,
				68BB000630383CE600A55448 /* FirebaseFirestore in Frameworks */,
				68BB000730383CE600A55448 /* FirebaseStorage in Frameworks */,
				68CC000330383CE600A55448 /* GoogleSignIn in Frameworks */,
				68DD000330383CE600A55448 /* IssuetrackerSDK in Frameworks */,
			);
			runOnlyForDeploymentPostprocessing = 0;
		};
		68AA000330383CE600A55448 /* Frameworks */ = {
			isa = PBXFrameworksBuildPhase;
			buildActionMask = 2147483647;
			files = (
			);
			runOnlyForDeploymentPostprocessing = 0;
		};
/* End PBXFrameworksBuildPhase section */

/* Begin PBXGroup section */
		6853E5EB30383CE600A55448 = {
			isa = PBXGroup;
			children = (
				6853E5F630383CE600A55448 /* iGarden */,
				68AA000230383CE600A55448 /* iGardenTests */,
				6853E5F530383CE600A55448 /* Products */,
			);
			sourceTree = "<group>";
		};
		6853E5F530383CE600A55448 /* Products */ = {
			isa = PBXGroup;
			children = (
				6853E5F430383CE600A55448 /* iGarden.app */,
				68AA000130383CE600A55448 /* iGardenTests.xctest */,
			);
			name = Products;
			sourceTree = "<group>";
		};
/* End PBXGroup section */

/* Begin PBXNativeTarget section */
		6853E5F330383CE600A55448 /* iGarden */ = {
			isa = PBXNativeTarget;
			buildConfigurationList = 6853E60130383CE700A55448 /* Build configuration list for PBXNativeTarget "iGarden" */;
			buildPhases = (
				6853E5F030383CE600A55448 /* Sources */,
				6853E5F130383CE600A55448 /* Frameworks */,
				6853E5F230383CE600A55448 /* Resources */,
			);
			buildRules = (
			);
			dependencies = (
			);
			fileSystemSynchronizedGroups = (
				6853E5F630383CE600A55448 /* iGarden */,
			);
			name = iGarden;
			packageProductDependencies = (
				68BB000230383CE600A55448 /* FirebaseAuth */,
				68BB000330383CE600A55448 /* FirebaseFirestore */,
				68BB000430383CE600A55448 /* FirebaseStorage */,
				68CC000230383CE600A55448 /* GoogleSignIn */,
				68DD000230383CE600A55448 /* IssuetrackerSDK */,
			);
			productName = iGarden;
			productReference = 6853E5F430383CE600A55448 /* iGarden.app */;
			productType = "com.apple.product-type.application";
		};
		68AA000630383CE600A55448 /* iGardenTests */ = {
			isa = PBXNativeTarget;
			buildConfigurationList = 68AA000730383CE600A55448 /* Build configuration list for PBXNativeTarget "iGardenTests" */;
			buildPhases = (
				68AA000430383CE600A55448 /* Sources */,
				68AA000330383CE600A55448 /* Frameworks */,
				68AA000530383CE600A55448 /* Resources */,
			);
			buildRules = (
			);
			dependencies = (
				68AA000830383CE600A55448 /* PBXTargetDependency */,
			);
			fileSystemSynchronizedGroups = (
				68AA000230383CE600A55448 /* iGardenTests */,
			);
			name = iGardenTests;
			packageProductDependencies = (
			);
			productName = iGardenTests;
			productReference = 68AA000130383CE600A55448 /* iGardenTests.xctest */;
			productType = "com.apple.product-type.bundle.unit-test";
		};
/* End PBXNativeTarget section */

/* Begin PBXProject section */
		6853E5EC30383CE600A55448 /* Project object */ = {
			isa = PBXProject;
			attributes = {
				BuildIndependentTargetsInParallel = 1;
				LastSwiftUpdateCheck = 2600;
				LastUpgradeCheck = 2600;
				TargetAttributes = {
					6853E5F330383CE600A55448 = {
						CreatedOnToolsVersion = 26.0;
					};
					68AA000630383CE600A55448 = {
						CreatedOnToolsVersion = 26.0;
						TestTargetID = 6853E5F330383CE600A55448;
					};
				};
			};
			buildConfigurationList = 6853E5EF30383CE600A55448 /* Build configuration list for PBXProject "iGarden" */;
			developmentRegion = nb;
			hasScannedForEncodings = 0;
			knownRegions = (
				en,
				nb,
				Base,
			);
			mainGroup = 6853E5EB30383CE600A55448;
			minimizedProjectReferenceProxies = 1;
			packageReferences = (
				68BB000130383CE600A55448 /* XCRemoteSwiftPackageReference "firebase-ios-sdk" */,
				68CC000130383CE600A55448 /* XCRemoteSwiftPackageReference "GoogleSignIn-iOS" */,
				68DD000130383CE600A55448 /* XCRemoteSwiftPackageReference "issuetracker-sdk-ios" */,
			);
			preferredProjectObjectVersion = 77;
			productRefGroup = 6853E5F530383CE600A55448 /* Products */;
			projectDirPath = "";
			projectRoot = "";
			targets = (
				6853E5F330383CE600A55448 /* iGarden */,
				68AA000630383CE600A55448 /* iGardenTests */,
			);
		};
/* End PBXProject section */

/* Begin PBXResourcesBuildPhase section */
		6853E5F230383CE600A55448 /* Resources */ = {
			isa = PBXResourcesBuildPhase;
			buildActionMask = 2147483647;
			files = (
			);
			runOnlyForDeploymentPostprocessing = 0;
		};
		68AA000530383CE600A55448 /* Resources */ = {
			isa = PBXResourcesBuildPhase;
			buildActionMask = 2147483647;
			files = (
			);
			runOnlyForDeploymentPostprocessing = 0;
		};
/* End PBXResourcesBuildPhase section */

/* Begin PBXSourcesBuildPhase section */
		6853E5F030383CE600A55448 /* Sources */ = {
			isa = PBXSourcesBuildPhase;
			buildActionMask = 2147483647;
			files = (
			);
			runOnlyForDeploymentPostprocessing = 0;
		};
		68AA000430383CE600A55448 /* Sources */ = {
			isa = PBXSourcesBuildPhase;
			buildActionMask = 2147483647;
			files = (
			);
			runOnlyForDeploymentPostprocessing = 0;
		};
/* End PBXSourcesBuildPhase section */

/* Begin PBXTargetDependency section */
		68AA000830383CE600A55448 /* PBXTargetDependency */ = {
			isa = PBXTargetDependency;
			target = 6853E5F330383CE600A55448 /* iGarden */;
			targetProxy = 6853E8FC303DBC2900A55448 /* PBXContainerItemProxy */;
		};
/* End PBXTargetDependency section */

/* Begin XCBuildConfiguration section */
		6853E5FF30383CE700A55448 /* Debug */ = {
			isa = XCBuildConfiguration;
			buildSettings = {
				ALWAYS_SEARCH_USER_PATHS = NO;
				ASSETCATALOG_COMPILER_GENERATE_SWIFT_ASSET_SYMBOL_EXTENSIONS = YES;
				CLANG_ANALYZER_NONNULL = YES;
				CLANG_ANALYZER_NUMBER_OBJECT_CONVERSION = YES_AGGRESSIVE;
				CLANG_CXX_LANGUAGE_STANDARD = "gnu++20";
				CLANG_ENABLE_MODULES = YES;
				CLANG_ENABLE_OBJC_ARC = YES;
				CLANG_ENABLE_OBJC_WEAK = YES;
				CLANG_WARN_BLOCK_CAPTURE_AUTORELEASING = YES;
				CLANG_WARN_BOOL_CONVERSION = YES;
				CLANG_WARN_COMMA = YES;
				CLANG_WARN_CONSTANT_CONVERSION = YES;
				CLANG_WARN_DEPRECATED_OBJC_IMPLEMENTATIONS = YES;
				CLANG_WARN_DIRECT_OBJC_ISA_USAGE = YES_ERROR;
				CLANG_WARN_DOCUMENTATION_COMMENTS = YES;
				CLANG_WARN_EMPTY_BODY = YES;
				CLANG_WARN_ENUM_CONVERSION = YES;
				CLANG_WARN_INFINITE_RECURSION = YES;
				CLANG_WARN_INT_CONVERSION = YES;
				CLANG_WARN_NON_LITERAL_NULL_CONVERSION = YES;
				CLANG_WARN_OBJC_IMPLICIT_RETAIN_SELF = YES;
				CLANG_WARN_OBJC_LITERAL_CONVERSION = YES;
				CLANG_WARN_OBJC_ROOT_CLASS = YES_ERROR;
				CLANG_WARN_QUOTED_INCLUDE_IN_FRAMEWORK_HEADER = YES;
				CLANG_WARN_RANGE_LOOP_ANALYSIS = YES;
				CLANG_WARN_STRICT_PROTOTYPES = YES;
				CLANG_WARN_SUSPICIOUS_MOVE = YES;
				CLANG_WARN_UNGUARDED_AVAILABILITY = YES_AGGRESSIVE;
				CLANG_WARN_UNREACHABLE_CODE = YES;
				CLANG_WARN__DUPLICATE_METHOD_MATCH = YES;
				COPY_PHASE_STRIP = NO;
				DEBUG_INFORMATION_FORMAT = dwarf;
				DEVELOPMENT_TEAM = UEVSN8X7G2;
				ENABLE_STRICT_OBJC_MSGSEND = YES;
				ENABLE_TESTABILITY = YES;
				ENABLE_USER_SCRIPT_SANDBOXING = YES;
				GCC_C_LANGUAGE_STANDARD = gnu17;
				GCC_DYNAMIC_NO_PIC = NO;
				GCC_NO_COMMON_BLOCKS = YES;
				GCC_OPTIMIZATION_LEVEL = 0;
				GCC_PREPROCESSOR_DEFINITIONS = (
					"DEBUG=1",
					"$(inherited)",
				);
				GCC_WARN_64_TO_32_BIT_CONVERSION = YES;
				GCC_WARN_ABOUT_RETURN_TYPE = YES_ERROR;
				GCC_WARN_UNDECLARED_SELECTOR = YES;
				GCC_WARN_UNINITIALIZED_AUTOS = YES_AGGRESSIVE;
				GCC_WARN_UNUSED_FUNCTION = YES;
				GCC_WARN_UNUSED_VARIABLE = YES;
				IPHONEOS_DEPLOYMENT_TARGET = 26.0;
				LOCALIZATION_PREFERS_STRING_CATALOGS = YES;
				MTL_ENABLE_DEBUG_INFO = INCLUDE_SOURCE;
				MTL_FAST_MATH = YES;
				ONLY_ACTIVE_ARCH = YES;
				SDKROOT = iphoneos;
				SWIFT_ACTIVE_COMPILATION_CONDITIONS = "DEBUG $(inherited)";
				SWIFT_OPTIMIZATION_LEVEL = "-Onone";
			};
			name = Debug;
		};
		6853E60030383CE700A55448 /* Release */ = {
			isa = XCBuildConfiguration;
			buildSettings = {
				ALWAYS_SEARCH_USER_PATHS = NO;
				ASSETCATALOG_COMPILER_GENERATE_SWIFT_ASSET_SYMBOL_EXTENSIONS = YES;
				CLANG_ANALYZER_NONNULL = YES;
				CLANG_ANALYZER_NUMBER_OBJECT_CONVERSION = YES_AGGRESSIVE;
				CLANG_CXX_LANGUAGE_STANDARD = "gnu++20";
				CLANG_ENABLE_MODULES = YES;
				CLANG_ENABLE_OBJC_ARC = YES;
				CLANG_ENABLE_OBJC_WEAK = YES;
				CLANG_WARN_BLOCK_CAPTURE_AUTORELEASING = YES;
				CLANG_WARN_BOOL_CONVERSION = YES;
				CLANG_WARN_COMMA = YES;
				CLANG_WARN_CONSTANT_CONVERSION = YES;
				CLANG_WARN_DEPRECATED_OBJC_IMPLEMENTATIONS = YES;
				CLANG_WARN_DIRECT_OBJC_ISA_USAGE = YES_ERROR;
				CLANG_WARN_DOCUMENTATION_COMMENTS = YES;
				CLANG_WARN_EMPTY_BODY = YES;
				CLANG_WARN_ENUM_CONVERSION = YES;
				CLANG_WARN_INFINITE_RECURSION = YES;
				CLANG_WARN_INT_CONVERSION = YES;
				CLANG_WARN_NON_LITERAL_NULL_CONVERSION = YES;
				CLANG_WARN_OBJC_IMPLICIT_RETAIN_SELF = YES;
				CLANG_WARN_OBJC_LITERAL_CONVERSION = YES;
				CLANG_WARN_OBJC_ROOT_CLASS = YES_ERROR;
				CLANG_WARN_QUOTED_INCLUDE_IN_FRAMEWORK_HEADER = YES;
				CLANG_WARN_RANGE_LOOP_ANALYSIS = YES;
				CLANG_WARN_STRICT_PROTOTYPES = YES;
				CLANG_WARN_SUSPICIOUS_MOVE = YES;
				CLANG_WARN_UNGUARDED_AVAILABILITY = YES_AGGRESSIVE;
				CLANG_WARN_UNREACHABLE_CODE = YES;
				CLANG_WARN__DUPLICATE_METHOD_MATCH = YES;
				COPY_PHASE_STRIP = NO;
				DEBUG_INFORMATION_FORMAT = "dwarf-with-dsym";
				DEVELOPMENT_TEAM = UEVSN8X7G2;
				ENABLE_NS_ASSERTIONS = NO;
				ENABLE_STRICT_OBJC_MSGSEND = YES;
				ENABLE_USER_SCRIPT_SANDBOXING = YES;
				GCC_C_LANGUAGE_STANDARD = gnu17;
				GCC_NO_COMMON_BLOCKS = YES;
				GCC_WARN_64_TO_32_BIT_CONVERSION = YES;
				GCC_WARN_ABOUT_RETURN_TYPE = YES_ERROR;
				GCC_WARN_UNDECLARED_SELECTOR = YES;
				GCC_WARN_UNINITIALIZED_AUTOS = YES_AGGRESSIVE;
				GCC_WARN_UNUSED_FUNCTION = YES;
				GCC_WARN_UNUSED_VARIABLE = YES;
				IPHONEOS_DEPLOYMENT_TARGET = 26.0;
				LOCALIZATION_PREFERS_STRING_CATALOGS = YES;
				MTL_ENABLE_DEBUG_INFO = NO;
				MTL_FAST_MATH = YES;
				SDKROOT = iphoneos;
				SWIFT_COMPILATION_MODE = wholemodule;
				VALIDATE_PRODUCT = YES;
			};
			name = Release;
		};
		6853E60230383CE700A55448 /* Debug */ = {
			isa = XCBuildConfiguration;
			buildSettings = {
				ASSETCATALOG_COMPILER_APPICON_NAME = AppIcon;
				ASSETCATALOG_COMPILER_GLOBAL_ACCENT_COLOR_NAME = AccentColor;
				CODE_SIGN_ENTITLEMENTS = iGarden/iGarden.entitlements;
				CODE_SIGN_STYLE = Automatic;
				CURRENT_PROJECT_VERSION = 1;
				DEVELOPMENT_TEAM = UEVSN8X7G2;
				ENABLE_PREVIEWS = YES;
				GENERATE_INFOPLIST_FILE = YES;
				INFOPLIST_FILE = Config/Info.plist;
				INFOPLIST_KEY_NSCameraUsageDescription = "iGarden bruker kameraet til å ta bilder av plantene dine.";
				INFOPLIST_KEY_UIApplicationSceneManifest_Generation = YES;
				INFOPLIST_KEY_UIApplicationSupportsIndirectInputEvents = YES;
				INFOPLIST_KEY_UILaunchScreen_Generation = YES;
				INFOPLIST_KEY_UISupportedInterfaceOrientations_iPad = "UIInterfaceOrientationPortrait UIInterfaceOrientationPortraitUpsideDown UIInterfaceOrientationLandscapeLeft UIInterfaceOrientationLandscapeRight";
				INFOPLIST_KEY_UISupportedInterfaceOrientations_iPhone = "UIInterfaceOrientationPortrait UIInterfaceOrientationLandscapeLeft UIInterfaceOrientationLandscapeRight";
				LD_RUNPATH_SEARCH_PATHS = (
					"$(inherited)",
					"@executable_path/Frameworks",
				);
				MARKETING_VERSION = 1.0;
				PRODUCT_BUNDLE_IDENTIFIER = no.abk.iGarden;
				PRODUCT_NAME = "$(TARGET_NAME)";
				STRING_CATALOG_GENERATE_SYMBOLS = YES;
				SWIFT_APPROACHABLE_CONCURRENCY = YES;
				SWIFT_DEFAULT_ACTOR_ISOLATION = MainActor;
				SWIFT_EMIT_LOC_STRINGS = YES;
				SWIFT_UPCOMING_FEATURE_MEMBER_IMPORT_VISIBILITY = YES;
				SWIFT_VERSION = 5.0;
				TARGETED_DEVICE_FAMILY = "1,2";
			};
			name = Debug;
		};
		6853E60330383CE700A55448 /* Release */ = {
			isa = XCBuildConfiguration;
			buildSettings = {
				ASSETCATALOG_COMPILER_APPICON_NAME = AppIcon;
				ASSETCATALOG_COMPILER_GLOBAL_ACCENT_COLOR_NAME = AccentColor;
				CODE_SIGN_ENTITLEMENTS = iGarden/iGarden.entitlements;
				CODE_SIGN_STYLE = Automatic;
				CURRENT_PROJECT_VERSION = 1;
				DEVELOPMENT_TEAM = UEVSN8X7G2;
				ENABLE_PREVIEWS = YES;
				GENERATE_INFOPLIST_FILE = YES;
				INFOPLIST_FILE = Config/Info.plist;
				INFOPLIST_KEY_NSCameraUsageDescription = "iGarden bruker kameraet til å ta bilder av plantene dine.";
				INFOPLIST_KEY_UIApplicationSceneManifest_Generation = YES;
				INFOPLIST_KEY_UIApplicationSupportsIndirectInputEvents = YES;
				INFOPLIST_KEY_UILaunchScreen_Generation = YES;
				INFOPLIST_KEY_UISupportedInterfaceOrientations_iPad = "UIInterfaceOrientationPortrait UIInterfaceOrientationPortraitUpsideDown UIInterfaceOrientationLandscapeLeft UIInterfaceOrientationLandscapeRight";
				INFOPLIST_KEY_UISupportedInterfaceOrientations_iPhone = "UIInterfaceOrientationPortrait UIInterfaceOrientationLandscapeLeft UIInterfaceOrientationLandscapeRight";
				LD_RUNPATH_SEARCH_PATHS = (
					"$(inherited)",
					"@executable_path/Frameworks",
				);
				MARKETING_VERSION = 1.0;
				PRODUCT_BUNDLE_IDENTIFIER = no.abk.iGarden;
				PRODUCT_NAME = "$(TARGET_NAME)";
				STRING_CATALOG_GENERATE_SYMBOLS = YES;
				SWIFT_APPROACHABLE_CONCURRENCY = YES;
				SWIFT_DEFAULT_ACTOR_ISOLATION = MainActor;
				SWIFT_EMIT_LOC_STRINGS = YES;
				SWIFT_UPCOMING_FEATURE_MEMBER_IMPORT_VISIBILITY = YES;
				SWIFT_VERSION = 5.0;
				TARGETED_DEVICE_FAMILY = "1,2";
			};
			name = Release;
		};
		68AA000A30383CE700A55448 /* Debug */ = {
			isa = XCBuildConfiguration;
			buildSettings = {
				BUNDLE_LOADER = "$(TEST_HOST)";
				CODE_SIGN_STYLE = Automatic;
				CURRENT_PROJECT_VERSION = 1;
				DEVELOPMENT_TEAM = UEVSN8X7G2;
				GENERATE_INFOPLIST_FILE = YES;
				IPHONEOS_DEPLOYMENT_TARGET = 26.0;
				MARKETING_VERSION = 1.0;
				PRODUCT_BUNDLE_IDENTIFIER = no.abk.iGardenTests;
				PRODUCT_NAME = "$(TARGET_NAME)";
				SWIFT_APPROACHABLE_CONCURRENCY = YES;
				SWIFT_DEFAULT_ACTOR_ISOLATION = MainActor;
				SWIFT_EMIT_LOC_STRINGS = NO;
				SWIFT_UPCOMING_FEATURE_MEMBER_IMPORT_VISIBILITY = YES;
				SWIFT_VERSION = 5.0;
				TARGETED_DEVICE_FAMILY = "1,2";
				TEST_HOST = "$(BUILT_PRODUCTS_DIR)/iGarden.app/$(BUNDLE_EXECUTABLE_FOLDER_PATH)/iGarden";
			};
			name = Debug;
		};
		68AA000B30383CE700A55448 /* Release */ = {
			isa = XCBuildConfiguration;
			buildSettings = {
				BUNDLE_LOADER = "$(TEST_HOST)";
				CODE_SIGN_STYLE = Automatic;
				CURRENT_PROJECT_VERSION = 1;
				DEVELOPMENT_TEAM = UEVSN8X7G2;
				GENERATE_INFOPLIST_FILE = YES;
				IPHONEOS_DEPLOYMENT_TARGET = 26.0;
				MARKETING_VERSION = 1.0;
				PRODUCT_BUNDLE_IDENTIFIER = no.abk.iGardenTests;
				PRODUCT_NAME = "$(TARGET_NAME)";
				SWIFT_APPROACHABLE_CONCURRENCY = YES;
				SWIFT_DEFAULT_ACTOR_ISOLATION = MainActor;
				SWIFT_EMIT_LOC_STRINGS = NO;
				SWIFT_UPCOMING_FEATURE_MEMBER_IMPORT_VISIBILITY = YES;
				SWIFT_VERSION = 5.0;
				TARGETED_DEVICE_FAMILY = "1,2";
				TEST_HOST = "$(BUILT_PRODUCTS_DIR)/iGarden.app/$(BUNDLE_EXECUTABLE_FOLDER_PATH)/iGarden";
			};
			name = Release;
		};
/* End XCBuildConfiguration section */

/* Begin XCConfigurationList section */
		6853E5EF30383CE600A55448 /* Build configuration list for PBXProject "iGarden" */ = {
			isa = XCConfigurationList;
			buildConfigurations = (
				6853E5FF30383CE700A55448 /* Debug */,
				6853E60030383CE700A55448 /* Release */,
			);
			defaultConfigurationIsVisible = 0;
			defaultConfigurationName = Release;
		};
		6853E60130383CE700A55448 /* Build configuration list for PBXNativeTarget "iGarden" */ = {
			isa = XCConfigurationList;
			buildConfigurations = (
				6853E60230383CE700A55448 /* Debug */,
				6853E60330383CE700A55448 /* Release */,
			);
			defaultConfigurationIsVisible = 0;
			defaultConfigurationName = Release;
		};
		68AA000730383CE600A55448 /* Build configuration list for PBXNativeTarget "iGardenTests" */ = {
			isa = XCConfigurationList;
			buildConfigurations = (
				68AA000A30383CE700A55448 /* Debug */,
				68AA000B30383CE700A55448 /* Release */,
			);
			defaultConfigurationIsVisible = 0;
			defaultConfigurationName = Release;
		};
/* End XCConfigurationList section */

/* Begin XCRemoteSwiftPackageReference section */
		68BB000130383CE600A55448 /* XCRemoteSwiftPackageReference "firebase-ios-sdk" */ = {
			isa = XCRemoteSwiftPackageReference;
			repositoryURL = "https://github.com/firebase/firebase-ios-sdk";
			requirement = {
				kind = upToNextMajorVersion;
				minimumVersion = 12.0.0;
			};
		};
		68CC000130383CE600A55448 /* XCRemoteSwiftPackageReference "GoogleSignIn-iOS" */ = {
			isa = XCRemoteSwiftPackageReference;
			repositoryURL = "https://github.com/google/GoogleSignIn-iOS";
			requirement = {
				kind = upToNextMajorVersion;
				minimumVersion = 8.0.0;
			};
		};
		68DD000130383CE600A55448 /* XCRemoteSwiftPackageReference "issuetracker-sdk-ios" */ = {
			isa = XCRemoteSwiftPackageReference;
			repositoryURL = "https://github.com/aslekinnerod/issuetracker-sdk-ios.git";
			requirement = {
				kind = upToNextMajorVersion;
				minimumVersion = 0.5.0;
			};
		};
/* End XCRemoteSwiftPackageReference section */

/* Begin XCSwiftPackageProductDependency section */
		68BB000230383CE600A55448 /* FirebaseAuth */ = {
			isa = XCSwiftPackageProductDependency;
			package = 68BB000130383CE600A55448 /* XCRemoteSwiftPackageReference "firebase-ios-sdk" */;
			productName = FirebaseAuth;
		};
		68BB000330383CE600A55448 /* FirebaseFirestore */ = {
			isa = XCSwiftPackageProductDependency;
			package = 68BB000130383CE600A55448 /* XCRemoteSwiftPackageReference "firebase-ios-sdk" */;
			productName = FirebaseFirestore;
		};
		68BB000430383CE600A55448 /* FirebaseStorage */ = {
			isa = XCSwiftPackageProductDependency;
			package = 68BB000130383CE600A55448 /* XCRemoteSwiftPackageReference "firebase-ios-sdk" */;
			productName = FirebaseStorage;
		};
		68CC000230383CE600A55448 /* GoogleSignIn */ = {
			isa = XCSwiftPackageProductDependency;
			package = 68CC000130383CE600A55448 /* XCRemoteSwiftPackageReference "GoogleSignIn-iOS" */;
			productName = GoogleSignIn;
		};
		68DD000230383CE600A55448 /* IssuetrackerSDK */ = {
			isa = XCSwiftPackageProductDependency;
			package = 68DD000130383CE600A55448 /* XCRemoteSwiftPackageReference "issuetracker-sdk-ios" */;
			productName = IssuetrackerSDK;
		};
/* End XCSwiftPackageProductDependency section */
	};
	rootObject = 6853E5EC30383CE600A55448 /* Project object */;
}
